// !$*UTF8*$!
{
	archiveVersion = 1;
	classes = {
	};
	objectVersion = 56;
	objects = {

/* Begin PBXBuildFile section */
		2AB795542B2D306F005AA1F5 /* RealityKitContent in Frameworks */ = {isa = PBXBuildFile; productRef = 2AB795532B2D306F005AA1F5 /* RealityKitContent */; };
		2AB795562B2D306F005AA1F5 /* TimeForCubeApp.swift in Sources */ = {isa = PBXBuildFile; fileRef = 2AB795552B2D306F005AA1F5 /* TimeForCubeApp.swift */; };
		2AB795582B2D306F005AA1F5 /* ContentView.swift in Sources */ = {isa = PBXBuildFile; fileRef = 2AB795572B2D306F005AA1F5 /* ContentView.swift */; };
		2AB7955A2B2D306F005AA1F5 /* ImmersiveView.swift in Sources */ = {isa = PBXBuildFile; fileRef = 2AB795592B2D306F005AA1F5 /* ImmersiveView.swift */; };
		2AB7955C2B2D306F005AA1F5 /* ImageBasedLighting.skybox in Resources */ = {isa = PBXBuildFile; fileRef = 2AB7955B2B2D306F005AA1F5 /* ImageBasedLighting.skybox */; };
		2AB7955E2B2D3074005AA1F5 /* Assets.xcassets in Resources */ = {isa = PBXBuildFile; fileRef = 2AB7955D2B2D3074005AA1F5 /* Assets.xcassets */; };
		2AB795612B2D3074005AA1F5 /* Preview Assets.xcassets in Resources */ = {isa = PBXBuildFile; fileRef = 2AB795602B2D3074005AA1F5 /* Preview Assets.xcassets */; };
/* End PBXBuildFile section */

/* Begin PBXFileReference section */
		2AB7954E2B2D306F005AA1F5 /* TimeForCube.app */ = {isa = PBXFileReference; explicitFileType = wrapper.application; includeInIndex = 0; path = TimeForCube.app; sourceTree = BUILT_PRODUCTS_DIR; };
		2AB795522B2D306F005AA1F5 /* RealityKitContent */ = {isa = PBXFileReference; lastKnownFileType = wrapper; path = RealityKitContent; sourceTree = "<group>"; };
		2AB795552B2D306F005AA1F5 /* TimeForCubeApp.swift */ = {isa = PBXFileReference; lastKnownFileType = sourcecode.swift; path = TimeForCubeApp.swift; sourceTree = "<group>"; };
		2AB795572B2D306F005AA1F5 /* ContentView.swift */ = {isa = PBXFileReference; lastKnownFileType = sourcecode.swift; path = ContentView.swift; sourceTree = "<group>"; };
		2AB795592B2D306F005AA1F5 /* ImmersiveView.swift */ = {isa = PBXFileReference; lastKnownFileType = sourcecode.swift; path = ImmersiveView.swift; sourceTree = "<group>"; };
		2AB7955B2B2D306F005AA1F5 /* ImageBasedLighting.skybox */ = {isa = PBXFileReference; lastKnownFileType = file.skybox; path = ImageBasedLighting.skybox; sourceTree = "<group>"; };
		2AB7955D2B2D3074005AA1F5 /* Assets.xcassets */ = {isa = PBXFileReference; lastKnownFileType = folder.assetcatalog; path = Assets.xcassets; sourceTree = "<group>"; };
		2AB795602B2D3074005AA1F5 /* Preview Assets.xcassets */ = {isa = PBXFileReference; lastKnownFileType = folder.assetcatalog; path = "Preview Assets.xcassets"; sourceTree = "<group>"; };
		2AB795622B2D3074005AA1F5 /* Info.plist */ = {isa = PBXFileReference; lastKnownFileType = text.plist.xml; path = Info.plist; sourceTree = "<group>"; };
/* End PBXFileReference section */

/* Begin PBXFrameworksBuildPhase section */
		2AB7954B2B2D306F005AA1F5 /* Frameworks */ = {
			isa = PBXFrameworksBuildPhase;
			buildActionMask = 2147483647;
			files = (
				2AB795542B2D306F005AA1F5 /* RealityKitContent in Frameworks */,
			);
			runOnlyForDeploymentPostprocessing = 0;
		};
/* End PBXFrameworksBuildPhase section */

/* Begin PBXGroup section */
		2AB795452B2D306F005AA1F5 = {
			isa = PBXGroup;
			children = (
				2AB795502B2D306F005AA1F5 /* TimeForCube */,
				2AB795512B2D306F005AA1F5 /* Packages */,
				2AB7954F2B2D306F005AA1F5 /* Products */,
			);
			sourceTree = "<group>";
		};
		2AB7954F2B2D306F005AA1F5 /* Products */ = {
			isa = PBXGroup;
			children = (
				2AB7954E2B2D306F005AA1F5 /* TimeForCube.app */,
			);
			name = Products;
			sourceTree = "<group>";
		};
		2AB795502B2D306F005AA1F5 /* TimeForCube */ = {
			isa = PBXGroup;
			children = (
				2AB795552B2D306F005AA1F5 /* TimeForCubeApp.swift */,
				2AB795572B2D306F005AA1F5 /* ContentView.swift */,
				2AB795592B2D306F005AA1F5 /* ImmersiveView.swift */,
				2AB7955B2B2D306F005AA1F5 /* ImageBasedLighting.skybox */,
				2AB7955D2B2D3074005AA1F5 /* Assets.xcassets */,
				2AB795622B2D3074005AA1F5 /* Info.plist */,
				2AB7955F2B2D3074005AA1F5 /* Preview Content */,
			);
			path = TimeForCube;
			sourceTree = "<group>";
		};
		2AB795512B2D306F005AA1F5 /* Packages */ = {
			isa = PBXGroup;
			children = (
				2AB795522B2D306F005AA1F5 /* RealityKitContent */,
			);
			path = Packages;
			sourceTree = "<group>";
		};
		2AB7955F2B2D3074005AA1F5 /* Preview Content */ = {
			isa = PBXGroup;
			children = (
				2AB795602B2D3074005AA1F5 /* Preview Assets.xcassets */,
			);
			path = "Preview Content";
			sourceTree = "<group>";
		};
/* End PBXGroup section */

/* Begin PBXNativeTarget section */
		2AB7954D2B2D306F005AA1F5 /* TimeForCube */ = {
			isa = PBXNativeTarget;
			buildConfigurationList = 2AB795652B2D3074005AA1F5 /* Build configuration list for PBXNativeTarget "TimeForCube" */;
			buildPhases = (
				2AB7954A2B2D306F005AA1F5 /* Sources */,
				2AB7954B2B2D306F005AA1F5 /* Frameworks */,
				2AB7954C2B2D306F005AA1F5 /* Resources */,
			);
			buildRules = (
			);
			dependencies = (
			);
			name = TimeForCube;
			packageProductDependencies = (
				2AB795532B2D306F005AA1F5 /* RealityKitContent */,
			);
			productName = TimeForCube;
			productReference = 2AB7954E2B2D306F005AA1F5 /* TimeForCube.app */;
			productType = "com.apple.product-type.application";
		};
/* End PBXNativeTarget section */

/* Begin PBXProject section */
		2AB795462B2D306F005AA1F5 /* Project object */ = {
			isa = PBXProject;
			attributes = {
				BuildIndependentTargetsInParallel = 1;
				LastSwiftUpdateCheck = 1510;
				LastUpgradeCheck = 1510;
				TargetAttributes = {
					2AB7954D2B2D306F005AA1F5 = {
						CreatedOnToolsVersion = 15.1;
					};
				};
			};
			buildConfigurationList = 2AB795492B2D306F005AA1F5 /* Build configuration list for PBXProject "TimeForCube" */;
			compatibilityVersion = "Xcode 14.0";
			developmentRegion = en;
			hasScannedForEncodings = 0;
			knownRegions = (
				en,
				Base,
			);
			mainGroup = 2AB795452B2D306F005AA1F5;
			productRefGroup = 2AB7954F2B2D306F005AA1F5 /* Products */;
			projectDirPath = "";
			projectRoot = "";
			targets = (
				2AB7954D2B2D306F005AA1F5 /* TimeForCube */,
			);
		};
/* End PBXProject section */

/* Begin PBXResourcesBuildPhase section */
		2AB7954C2B2D306F005AA1F5 /* Resources */ = {
			isa = PBXResourcesBuildPhase;
			buildActionMask = 2147483647;
			files = (
				2AB7955E2B2D3074005AA1F5 /* Assets.xcassets in Resources */,
				2AB795612B2D3074005AA1F5 /* Preview Assets.xcassets in Resources */,
				2AB7955C2B2D306F005AA1F5 /* ImageBasedLighting.skybox in Resources */,
			);
			runOnlyForDeploymentPostprocessing = 0;
		};
/* End PBXResourcesBuildPhase section */

/* Begin PBXSourcesBuildPhase section */
		2AB7954A2B2D306F005AA1F5 /* Sources */ = {
			isa = PBXSourcesBuildPhase;
			buildActionMask = 2147483647;
			files = (
				2AB795582B2D306F005AA1F5 /* ContentView.swift in Sources */,
				2AB795562B2D306F005AA1F5 /* TimeForCubeApp.swift in Sources */,
				2AB7955A2B2D306F005AA1F5 /* ImmersiveView.swift in Sources */,
			);
			runOnlyForDeploymentPostprocessing = 0;
		};
/* End PBXSourcesBuildPhase section */

/* Begin XCBuildConfiguration section */
		2AB795632B2D3074005AA1F5 /* Debug */ = {
			isa = XCBuildConfiguration;
			buildSettings = {
				ALWAYS_SEARCH_USER_PATHS = NO;
				ASSETCATALOG_COMPILER_GENERATE_SWIFT_ASSET_SYMBOL_EXTENSIONS = YES;
				CLANG_ANALYZER_NONNULL = YES;
				CLANG_ANALYZER_NUMBER_OBJECT_CONVERSION = YES_AGGRESSIVE;
				CLANG_CXX_LANGUAGE_STANDARD = "gnu++20";
				CLANG_ENABLE_MODULES = YES;
				CLANG_ENABLE_OBJC_ARC = YES;
				CLANG_ENABLE_OBJC_WEAK = YES;
				CLANG_WARN_BLOCK_CAPTURE_AUTORELEASING = YES;
				CLANG_WARN_BOOL_CONVERSION = YES;
				CLANG_WARN_COMMA = YES;
				CLANG_WARN_CONSTANT_CONVERSION = YES;
				CLANG_WARN_DEPRECATED_OBJC_IMPLEMENTATIONS = YES;
				CLANG_WARN_DIRECT_OBJC_ISA_USAGE = YES_ERROR;
				CLANG_WARN_DOCUMENTATION_COMMENTS = YES;
				CLANG_WARN_EMPTY_BODY = YES;
				CLANG_WARN_ENUM_CONVERSION = YES;
				CLANG_WARN_INFINITE_RECURSION = YES;
				CLANG_WARN_INT_CONVERSION = YES;
				CLANG_WARN_NON_LITERAL_NULL_CONVERSION = YES;
				CLANG_WARN_OBJC_IMPLICIT_RETAIN_SELF = YES;
				CLANG_WARN_OBJC_LITERAL_CONVERSION = YES;
				CLANG_WARN_OBJC_ROOT_CLASS = YES_ERROR;
				CLANG_WARN_QUOTED_INCLUDE_IN_FRAMEWORK_HEADER = YES;
				CLANG_WARN_RANGE_LOOP_ANALYSIS = YES;
				CLANG_WARN_STRICT_PROTOTYPES = YES;
				CLANG_WARN_SUSPICIOUS_MOVE = YES;
				CLANG_WARN_UNGUARDED_AVAILABILITY = YES_AGGRESSIVE;
				CLANG_WARN_UNREACHABLE_CODE = YES;
				CLANG_WARN__DUPLICATE_METHOD_MATCH = YES;
				COPY_PHASE_STRIP = NO;
				DEBUG_INFORMATION_FORMAT = dwarf;
				ENABLE_STRICT_OBJC_MSGSEND = YES;
				ENABLE_TESTABILITY = YES;
				ENABLE_USER_SCRIPT_SANDBOXING = YES;
				GCC_C_LANGUAGE_STANDARD = gnu17;
				GCC_DYNAMIC_NO_PIC = NO;
				GCC_NO_COMMON_BLOCKS = YES;
				GCC_OPTIMIZATION_LEVEL = 0;
				GCC_PREPROCESSOR_DEFINITIONS = (
					"DEBUG=1",
					"$(inherited)",
				);
				GCC_WARN_64_TO_32_BIT_CONVERSION = YES;
				GCC_WARN_ABOUT_RETURN_TYPE = YES_ERROR;
				GCC_WARN_UNDECLARED_SELECTOR = YES;
				GCC_WARN_UNINITIALIZED_AUTOS = YES_AGGRESSIVE;
				GCC_WARN_UNUSED_FUNCTION = YES;
				GCC_WARN_UNUSED_VARIABLE = YES;
				LOCALIZATION_PREFERS_STRING_CATALOGS = YES;
				MTL_ENABLE_DEBUG_INFO = INCLUDE_SOURCE;
				MTL_FAST_MATH = YES;
				ONLY_ACTIVE_ARCH = YES;
				SDKROOT = xros;
				SWIFT_ACTIVE_COMPILATION_CONDITIONS = "DEBUG $(inherited)";
				SWIFT_OPTIMIZATION_LEVEL = "-Onone";
				XROS_DEPLOYMENT_TARGET = 1.0;
			};
			name = Debug;
		};
		2AB795642B2D3074005AA1F5 /* Release */ = {
			isa = XCBuildConfiguration;
			buildSettings = {
				ALWAYS_SEARCH_USER_PATHS = NO;
				ASSETCATALOG_COMPILER_GENERATE_SWIFT_ASSET_SYMBOL_EXTENSIONS = YES;
				CLANG_ANALYZER_NONNULL = YES;
				CLANG_ANALYZER_NUMBER_OBJECT_CONVERSION = YES_AGGRESSIVE;
				CLANG_CXX_LANGUAGE_STANDARD = "gnu++20";
				CLANG_ENABLE_MODULES = YES;
				CLANG_ENABLE_OBJC_ARC = YES;
				CLANG_ENABLE_OBJC_WEAK = YES;
				CLANG_WARN_BLOCK_CAPTURE_AUTORELEASING = YES;
				CLANG_WARN_BOOL_CONVERSION = YES;
				CLANG_WARN_COMMA = YES;
				CLANG_WARN_CONSTANT_CONVERSION = YES;
				CLANG_WARN_DEPRECATED_OBJC_IMPLEMENTATIONS = YES;
				CLANG_WARN_DIRECT_OBJC_ISA_USAGE = YES_ERROR;
				CLANG_WARN_DOCUMENTATION_COMMENTS = YES;
				CLANG_WARN_EMPTY_BODY = YES;
				CLANG_WARN_ENUM_CONVERSION = YES;
				CLANG_WARN_INFINITE_RECURSION = YES;
				CLANG_WARN_INT_CONVERSION = YES;
				CLANG_WARN_NON_LITERAL_NULL_CONVERSION = YES;
				CLANG_WARN_OBJC_IMPLICIT_RETAIN_SELF = YES;
				CLANG_WARN_OBJC_LITERAL_CONVERSION = YES;
				CLANG_WARN_OBJC_ROOT_CLASS = YES_ERROR;
				CLANG_WARN_QUOTED_INCLUDE_IN_FRAMEWORK_HEADER = YES;
				CLANG_WARN_RANGE_LOOP_ANALYSIS = YES;
				CLANG_WARN_STRICT_PROTOTYPES = YES;
				CLANG_WARN_SUSPICIOUS_MOVE = YES;
				CLANG_WARN_UNGUARDED_AVAILABILITY = YES_AGGRESSIVE;
				CLANG_WARN_UNREACHABLE_CODE = YES;
				CLANG_WARN__DUPLICATE_METHOD_MATCH = YES;
				COPY_PHASE_STRIP = NO;
				DEBUG_INFORMATION_FORMAT = "dwarf-with-dsym";
				ENABLE_NS_ASSERTIONS = NO;
				ENABLE_STRICT_OBJC_MSGSEND = YES;
				ENABLE_USER_SCRIPT_SANDBOXING = YES;
				GCC_C_LANGUAGE_STANDARD = gnu17;
				GCC_NO_COMMON_BLOCKS = YES;
				GCC_WARN_64_TO_32_BIT_CONVERSION = YES;
				GCC_WARN_ABOUT_RETURN_TYPE = YES_ERROR;
				GCC_WARN_UNDECLARED_SELECTOR = YES;
				GCC_WARN_UNINITIALIZED_AUTOS = YES_AGGRESSIVE;
				GCC_WARN_UNUSED_FUNCTION = YES;
				GCC_WARN_UNUSED_VARIABLE = YES;
				LOCALIZATION_PREFERS_STRING_CATALOGS = YES;
				MTL_ENABLE_DEBUG_INFO = NO;
				MTL_FAST_MATH = YES;
				SDKROOT = xros;
				SWIFT_COMPILATION_MODE = wholemodule;
				VALIDATE_PRODUCT = YES;
				XROS_DEPLOYMENT_TARGET = 1.0;
			};
			name = Release;
		};
		2AB795662B2D3074005AA1F5 /* Debug */ = {
			isa = XCBuildConfiguration;
			buildSettings = {
				ASSETCATALOG_COMPILER_APPICON_NAME = AppIcon;
				ASSETCATALOG_COMPILER_GLOBAL_ACCENT_COLOR_NAME = AccentColor;
				CODE_SIGN_STYLE = Automatic;
				CURRENT_PROJECT_VERSION = 1;
				DEVELOPMENT_ASSET_PATHS = "\"TimeForCube/Preview Content\"";
				DEVELOPMENT_TEAM = 476QK54UU2;
				ENABLE_PREVIEWS = YES;
				GENERATE_INFOPLIST_FILE = YES;
				INFOPLIST_FILE = "$(TARGET_NAME)/Info.plist";
				LD_RUNPATH_SEARCH_PATHS = (
					"$(inherited)",
					"@executable_path/Frameworks",
				);
				MARKETING_VERSION = 1.0;
				PRODUCT_BUNDLE_IDENTIFIER = "com.it-guy.com.TimeForCube";
				PRODUCT_NAME = "$(TARGET_NAME)";
				SUPPORTED_PLATFORMS = "xros xrsimulator";
				SWIFT_EMIT_LOC_STRINGS = YES;
				SWIFT_VERSION = 5.0;
				TARGETED_DEVICE_FAMILY = "1,2,7";
			};
			name = Debug;
		};
		2AB795672B2D3074005AA1F5 /* Release */ = {
			isa = XCBuildConfiguration;
			buildSettings = {
				ASSETCATALOG_COMPILER_APPICON_NAME = AppIcon;
				ASSETCATALOG_COMPILER_GLOBAL_ACCENT_COLOR_NAME = AccentColor;
				CODE_SIGN_STYLE = Automatic;
				CURRENT_PROJECT_VERSION = 1;
				DEVELOPMENT_ASSET_PATHS = "\"TimeForCube/Preview Content\"";
				DEVELOPMENT_TEAM = 476QK54UU2;
				ENABLE_PREVIEWS = YES;
				GENERATE_INFOPLIST_FILE = YES;
				INFOPLIST_FILE = "$(TARGET_NAME)/Info.plist";
				LD_RUNPATH_SEARCH_PATHS = (
					"$(inherited)",
					"@executable_path/Frameworks",
				);
				MARKETING_VERSION = 1.0;
				PRODUCT_BUNDLE_IDENTIFIER = "com.it-guy.com.TimeForCube";
				PRODUCT_NAME = "$(TARGET_NAME)";
				SUPPORTED_PLATFORMS = "xros xrsimulator";
				SWIFT_EMIT_LOC_STRINGS = YES;
				SWIFT_VERSION = 5.0;
				TARGETED_DEVICE_FAMILY = "1,2,7";
			};
			name = Release;
		};
/* End XCBuildConfiguration section */

/* Begin XCConfigurationList section */
		2AB795492B2D306F005AA1F5 /* Build configuration list for PBXProject "TimeForCube" */ = {
			isa = XCConfigurationList;
			buildConfigurations = (
				2AB795632B2D3074005AA1F5 /* Debug */,
				2AB795642B2D3074005AA1F5 /* Release */,
			);
			defaultConfigurationIsVisible = 0;
			defaultConfigurationName = Release;
		};
		2AB795652B2D3074005AA1F5 /* Build configuration list for PBXNativeTarget "TimeForCube" */ = {
			isa = XCConfigurationList;
			buildConfigurations = (
				2AB795662B2D3074005AA1F5 /* Debug */,
				2AB795672B2D3074005AA1F5 /* Release */,
			);
			defaultConfigurationIsVisible = 0;
			defaultConfigurationName = Release;
		};
/* End XCConfigurationList section */

/* Begin XCSwiftPackageProductDependency section */
		2AB795532B2D306F005AA1F5 /* RealityKitContent */ = {
			isa = XCSwiftPackageProductDependency;
			productName = RealityKitContent;
		};
/* End XCSwiftPackageProductDependency section */
	};
	rootObject = 2AB795462B2D306F005AA1F5 /* Project object */;
}
